// !$*UTF8*$!
{
	archiveVersion = 1;
	classes = {
	};
	objectVersion = 46;
	objects = {

/* Begin PBXBuildFile section */
		2B36E61613386A9F0062DBCD /* Cocoa.framework in Frameworks */ = {isa = PBXBuildFile; fileRef = 2B36E61513386A9F0062DBCD /* Cocoa.framework */; };
		2B36E61813386A9F0062DBCD /* MacRuby.framework in Frameworks */ = {isa = PBXBuildFile; fileRef = 2B36E61713386A9F0062DBCD /* MacRuby.framework */; };
		2B36E61E13386A9F0062DBCD /* InfoPlist.strings in Resources */ = {isa = PBXBuildFile; fileRef = 2B36E61C13386A9F0062DBCD /* InfoPlist.strings */; };
		2B36E62113386A9F0062DBCD /* main.m in Sources */ = {isa = PBXBuildFile; fileRef = 2B36E62013386A9F0062DBCD /* main.m */; };
		2B36E62513386A9F0062DBCD /* MainMenu.xib in Resources */ = {isa = PBXBuildFile; fileRef = 2B36E62313386A9F0062DBCD /* MainMenu.xib */; };
		2B36E62813386A9F0062DBCD /* rb_main.rb in Resources */ = {isa = PBXBuildFile; fileRef = 2B36E62713386A9F0062DBCD /* rb_main.rb */; };
		2B36E62A13386A9F0062DBCD /* AppDelegate.rb in Resources */ = {isa = PBXBuildFile; fileRef = 2B36E62913386A9F0062DBCD /* AppDelegate.rb */; };
		2B36E62D13386A9F0062DBCD /* CoreDataExample.xcdatamodeld in Sources */ = {isa = PBXBuildFile; fileRef = 2B36E62B13386A9F0062DBCD /* CoreDataExample.xcdatamodeld */; };
/* End PBXBuildFile section */

/* Begin PBXFileReference section */
		2B36E61113386A9F0062DBCD /* CoreDataExample.app */ = {isa = PBXFileReference; explicitFileType = wrapper.application; includeInIndex = 0; path = CoreDataExample.app; sourceTree = BUILT_PRODUCTS_DIR; };
		2B36E61513386A9F0062DBCD /* Cocoa.framework */ = {isa = PBXFileReference; lastKnownFileType = wrapper.framework; name = Cocoa.framework; path = System/Library/Frameworks/Cocoa.framework; sourceTree = SDKROOT; };
		2B36E61713386A9F0062DBCD /* MacRuby.framework */ = {isa = PBXFileReference; lastKnownFileType = wrapper.framework; name = MacRuby.framework; path = System/Library/Frameworks/MacRuby.framework; sourceTree = SDKROOT; };
		2B36E61B13386A9F0062DBCD /* CoreDataExample-Info.plist */ = {isa = PBXFileReference; lastKnownFileType = text.plist.xml; path = "CoreDataExample-Info.plist"; sourceTree = "<group>"; };
		2B36E61D13386A9F0062DBCD /* en */ = {isa = PBXFileReference; lastKnownFileType = text.plist.strings; name = en; path = en.lproj/InfoPlist.strings; sourceTree = "<group>"; };
		2B36E61F13386A9F0062DBCD /* CoreDataExample-Prefix.pch */ = {isa = PBXFileReference; lastKnownFileType = sourcecode.c.h; path = "CoreDataExample-Prefix.pch"; sourceTree = "<group>"; };
		2B36E62013386A9F0062DBCD /* main.m */ = {isa = PBXFileReference; lastKnownFileType = sourcecode.c.objc; path = main.m; sourceTree = "<group>"; };
		2B36E62413386A9F0062DBCD /* en */ = {isa = PBXFileReference; lastKnownFileType = file.xib; name = en; path = en.lproj/MainMenu.xib; sourceTree = "<group>"; };
		2B36E62713386A9F0062DBCD /* rb_main.rb */ = {isa = PBXFileReference; lastKnownFileType = text.script.ruby; path = rb_main.rb; sourceTree = "<group>"; };
		2B36E62913386A9F0062DBCD /* AppDelegate.rb */ = {isa = PBXFileReference; lastKnownFileType = text.script.ruby; path = AppDelegate.rb; sourceTree = "<group>"; };
		2B36E62C13386A9F0062DBCD /* CoreDataExample.xcdatamodel */ = {isa = PBXFileReference; lastKnownFileType = wrapper.xcdatamodel; path = CoreDataExample.xcdatamodel; sourceTree = "<group>"; };
/* End PBXFileReference section */

/* Begin PBXFrameworksBuildPhase section */
		2B36E60E13386A9F0062DBCD /* Frameworks */ = {
			isa = PBXFrameworksBuildPhase;
			buildActionMask = 2147483647;
			files = (
				2B36E61613386A9F0062DBCD /* Cocoa.framework in Frameworks */,
				2B36E61813386A9F0062DBCD /* MacRuby.framework in Frameworks */,
			);
			runOnlyForDeploymentPostprocessing = 0;
		};
/* End PBXFrameworksBuildPhase section */

/* Begin PBXGroup section */
		2B36E60613386A9F0062DBCD = {
			isa = PBXGroup;
			children = (
				2B36E61913386A9F0062DBCD /* CoreDataExample */,
				2B36E61413386A9F0062DBCD /* Frameworks */,
				2B36E61213386A9F0062DBCD /* Products */,
			);
			sourceTree = "<group>";
		};
		2B36E61213386A9F0062DBCD /* Products */ = {
			isa = PBXGroup;
			children = (
				2B36E61113386A9F0062DBCD /* CoreDataExample.app */,
			);
			name = Products;
			sourceTree = "<group>";
		};
		2B36E61413386A9F0062DBCD /* Frameworks */ = {
			isa = PBXGroup;
			children = (
				2B36E61513386A9F0062DBCD /* Cocoa.framework */,
				2B36E61713386A9F0062DBCD /* MacRuby.framework */,
			);
			name = Frameworks;
			sourceTree = "<group>";
		};
		2B36E61913386A9F0062DBCD /* CoreDataExample */ = {
			isa = PBXGroup;
			children = (
				2B36E62913386A9F0062DBCD /* AppDelegate.rb */,
				2B36E62B13386A9F0062DBCD /* CoreDataExample.xcdatamodeld */,
				2B36E62213386A9F0062DBCD /* Resources */,
				2B36E62613386A9F0062DBCD /* Other Sources */,
				2B36E61A13386A9F0062DBCD /* Supporting Files */,
			);
			path = CoreDataExample;
			sourceTree = "<group>";
		};
		2B36E61A13386A9F0062DBCD /* Supporting Files */ = {
			isa = PBXGroup;
			children = (
				2B36E61B13386A9F0062DBCD /* CoreDataExample-Info.plist */,
				2B36E61C13386A9F0062DBCD /* InfoPlist.strings */,
				2B36E61F13386A9F0062DBCD /* CoreDataExample-Prefix.pch */,
				2B36E62013386A9F0062DBCD /* main.m */,
			);
			name = "Supporting Files";
			sourceTree = "<group>";
		};
		2B36E62213386A9F0062DBCD /* Resources */ = {
			isa = PBXGroup;
			children = (
				2B36E62313386A9F0062DBCD /* MainMenu.xib */,
			);
			name = Resources;
			sourceTree = "<group>";
		};
		2B36E62613386A9F0062DBCD /* Other Sources */ = {
			isa = PBXGroup;
			children = (
				2B36E62713386A9F0062DBCD /* rb_main.rb */,
			);
			name = "Other Sources";
			sourceTree = "<group>";
		};
/* End PBXGroup section */

/* Begin PBXNativeTarget section */
		2B36E61013386A9F0062DBCD /* CoreDataExample */ = {
			isa = PBXNativeTarget;
			buildConfigurationList = 2B36E63013386A9F0062DBCD /* Build configuration list for PBXNativeTarget "CoreDataExample" */;
			buildPhases = (
				2B36E60D13386A9F0062DBCD /* Sources */,
				2B36E60E13386A9F0062DBCD /* Frameworks */,
				2B36E60F13386A9F0062DBCD /* Resources */,
			);
			buildRules = (
			);
			dependencies = (
			);
			name = CoreDataExample;
			productName = CoreDataExample;
			productReference = 2B36E61113386A9F0062DBCD /* CoreDataExample.app */;
			productType = "com.apple.product-type.application";
		};
/* End PBXNativeTarget section */

/* Begin PBXProject section */
		2B36E60813386A9F0062DBCD /* Project object */ = {
			isa = PBXProject;
			attributes = {
				ORGANIZATIONNAME = "m|a agile Consulting";
			};
			buildConfigurationList = 2B36E60B13386A9F0062DBCD /* Build configuration list for PBXProject "CoreDataExample" */;
			compatibilityVersion = "Xcode 3.2";
			developmentRegion = English;
			hasScannedForEncodings = 0;
			knownRegions = (
				en,
			);
			mainGroup = 2B36E60613386A9F0062DBCD;
			productRefGroup = 2B36E61213386A9F0062DBCD /* Products */;
			projectDirPath = "";
			projectRoot = "";
			targets = (
				2B36E61013386A9F0062DBCD /* CoreDataExample */,
			);
		};
/* End PBXProject section */

/* Begin PBXResourcesBuildPhase section */
		2B36E60F13386A9F0062DBCD /* Resources */ = {
			isa = PBXResourcesBuildPhase;
			buildActionMask = 2147483647;
			files = (
				2B36E61E13386A9F0062DBCD /* InfoPlist.strings in Resources */,
				2B36E62513386A9F0062DBCD /* MainMenu.xib in Resources */,
				2B36E62813386A9F0062DBCD /* rb_main.rb in Resources */,
				2B36E62A13386A9F0062DBCD /* AppDelegate.rb in Resources */,
			);
			runOnlyForDeploymentPostprocessing = 0;
		};
/* End PBXResourcesBuildPhase section */

/* Begin PBXSourcesBuildPhase section */
		2B36E60D13386A9F0062DBCD /* Sources */ = {
			isa = PBXSourcesBuildPhase;
			buildActionMask = 2147483647;
			files = (
				2B36E62113386A9F0062DBCD /* main.m in Sources */,
				2B36E62D13386A9F0062DBCD /* CoreDataExample.xcdatamodeld in Sources */,
			);
			runOnlyForDeploymentPostprocessing = 0;
		};
/* End PBXSourcesBuildPhase section */

/* Begin PBXVariantGroup section */
		2B36E61C13386A9F0062DBCD /* InfoPlist.strings */ = {
			isa = PBXVariantGroup;
			children = (
				2B36E61D13386A9F0062DBCD /* en */,
			);
			name = InfoPlist.strings;
			sourceTree = "<group>";
		};
		2B36E62313386A9F0062DBCD /* MainMenu.xib */ = {
			isa = PBXVariantGroup;
			children = (
				2B36E62413386A9F0062DBCD /* en */,
			);
			name = MainMenu.xib;
			sourceTree = "<group>";
		};
/* End PBXVariantGroup section */

/* Begin XCBuildConfiguration section */
		2B36E62E13386A9F0062DBCD /* Debug */ = {
			isa = XCBuildConfiguration;
			buildSettings = {
				ARCHS = "$(ARCHS_STANDARD_32_64_BIT)";
				GCC_C_LANGUAGE_STANDARD = gnu99;
				GCC_OPTIMIZATION_LEVEL = 0;
				GCC_PREPROCESSOR_DEFINITIONS = DEBUG;
				GCC_SYMBOLS_PRIVATE_EXTERN = NO;
				GCC_VERSION = com.apple.compilers.llvm.clang.1_0;
				GCC_WARN_64_TO_32_BIT_CONVERSION = YES;
				GCC_WARN_ABOUT_RETURN_TYPE = YES;
				GCC_WARN_UNUSED_VARIABLE = YES;
				MACOSX_DEPLOYMENT_TARGET = 10.6;
				ONLY_ACTIVE_ARCH = YES;
				SDKROOT = macosx;
			};
			name = Debug;
		};
		2B36E62F13386A9F0062DBCD /* Release */ = {
			isa = XCBuildConfiguration;
			buildSettings = {
				ARCHS = "$(ARCHS_STANDARD_32_64_BIT)";
				GCC_C_LANGUAGE_STANDARD = gnu99;
				GCC_VERSION = com.apple.compilers.llvm.clang.1_0;
				GCC_WARN_64_TO_32_BIT_CONVERSION = YES;
				GCC_WARN_ABOUT_RETURN_TYPE = YES;
				GCC_WARN_UNUSED_VARIABLE = YES;
				MACOSX_DEPLOYMENT_TARGET = 10.6;
				SDKROOT = macosx;
			};
			name = Release;
		};
		2B36E63113386A9F0062DBCD /* Debug */ = {
			isa = XCBuildConfiguration;
			buildSettings = {
				ALWAYS_SEARCH_USER_PATHS = NO;
				ARCHS = "$(NATIVE_ARCH_ACTUAL)";
				COPY_PHASE_STRIP = NO;
				GCC_DYNAMIC_NO_PIC = NO;
				GCC_ENABLE_OBJC_EXCEPTIONS = YES;
				GCC_ENABLE_OBJC_GC = required;
				GCC_PRECOMPILE_PREFIX_HEADER = YES;
				GCC_PREFIX_HEADER = "CoreDataExample/CoreDataExample-Prefix.pch";
				INFOPLIST_FILE = "CoreDataExample/CoreDataExample-Info.plist";
				PRODUCT_NAME = "$(TARGET_NAME)";
				SDKROOT = "";
				WRAPPER_EXTENSION = app;
			};
			name = Debug;
		};
		2B36E63213386A9F0062DBCD /* Release */ = {
			isa = XCBuildConfiguration;
			buildSettings = {
				ALWAYS_SEARCH_USER_PATHS = NO;
				ARCHS = "$(NATIVE_ARCH_ACTUAL)";
				COPY_PHASE_STRIP = YES;
				DEBUG_INFORMATION_FORMAT = "dwarf-with-dsym";
				GCC_ENABLE_OBJC_EXCEPTIONS = YES;
				GCC_ENABLE_OBJC_GC = required;
				GCC_PRECOMPILE_PREFIX_HEADER = YES;
				GCC_PREFIX_HEADER = "CoreDataExample/CoreDataExample-Prefix.pch";
				INFOPLIST_FILE = "CoreDataExample/CoreDataExample-Info.plist";
				PRODUCT_NAME = "$(TARGET_NAME)";
				SDKROOT = "";
				WRAPPER_EXTENSION = app;
			};
			name = Release;
		};
/* End XCBuildConfiguration section */

/* Begin XCConfigurationList section */
		2B36E60B13386A9F0062DBCD /* Build configuration list for PBXProject "CoreDataExample" */ = {
			isa = XCConfigurationList;
			buildConfigurations = (
				2B36E62E13386A9F0062DBCD /* Debug */,
				2B36E62F13386A9F0062DBCD /* Release */,
			);
			defaultConfigurationIsVisible = 0;
			defaultConfigurationName = Release;
		};
		2B36E63013386A9F0062DBCD /* Build configuration list for PBXNativeTarget "CoreDataExample" */ = {
			isa = XCConfigurationList;
			buildConfigurations = (
				2B36E63113386A9F0062DBCD /* Debug */,
				2B36E63213386A9F0062DBCD /* Release */,
			);
			defaultConfigurationIsVisible = 0;
			defaultConfigurationName = Release;
		};
/* End XCConfigurationList section */

/* Begin XCVersionGroup section */
		2B36E62B13386A9F0062DBCD /* CoreDataExample.xcdatamodeld */ = {
			isa = XCVersionGroup;
			children = (
				2B36E62C13386A9F0062DBCD /* CoreDataExample.xcdatamodel */,
			);
			currentVersion = 2B36E62C13386A9F0062DBCD /* CoreDataExample.xcdatamodel */;
			path = CoreDataExample.xcdatamodeld;
			sourceTree = "<group>";
			versionGroupType = wrapper.xcdatamodel;
		};
/* End XCVersionGroup section */
	};
	rootObject = 2B36E60813386A9F0062DBCD /* Project object */;
}
